# This file was autogenerated by Stack.
# You should not edit this file by hand.
# For more information, please see the documentation at:
#   https://docs.haskellstack.org/en/stable/lock_files

packages:
- completed:
    hackage: attoparsec-0.13.2.2@sha256:8b21658c6f472fba243f201d2a9c64ec55c5184c49dda57cd60035cece97e6ef,5794
    pantry-tree:
      size: 5230
      sha256: adec9458445cfe0e04c8fd228d9e7361aaaf17a7b8c307bc5fd91a2592f7f454
  original:
    hackage: attoparsec-0.13.2.2
- completed:
    hackage: parseargs-0.2.0.9@sha256:8f6e04e2a41af5cb45391def0381a4230cab827f765a92f82fd7a324759059a2,1445
    pantry-tree:
      size: 746
      sha256: 3461998f14fe0698755479408920a7fcf7151820aec93b81cb331335ad07bc77
  original:
    hackage: parseargs-0.2.0.9
snapshots:
- completed:
    size: 523443
    url: https://raw.githubusercontent.com/commercialhaskell/stackage-snapshots/master/lts/14/0.yaml
    sha256: 283773e7120f5446d961eab35ea95c9af9c24187cc178537bd29273200a05171
  original: lts-14.0
